
Microsoft Visual Studio Solution File, Format Version 12.00
# Visual Studio Version 17
VisualStudioVersion = 17.11.35312.102
MinimumVisualStudioVersion = 10.0.40219.1
Project("{FAE04EC0-301F-11D3-BF4B-00C04F79EFBC}") = "Access modifiers part 2", "Access modifiers part 2.csproj", "{08B4E996-A6C0-421A-B9C4-5382AFC58F4E}"
EndProject
Global
	GlobalSection(SolutionConfigurationPlatforms) = preSolution
		Debug|Any CPU = Debug|Any CPU
		Release|Any CPU = Release|Any CPU
	EndGlobalSection
	GlobalSection(ProjectConfigurationPlatforms) = postSolution
		{08B4E996-A6C0-421A-B9C4-5382AFC58F4E}.Debug|Any CPU.ActiveCfg = Debug|Any CPU
		{08B4E996-A6C0-421A-B9C4-5382AFC58F4E}.Debug|Any CPU.Build.0 = Debug|Any CPU
		{08B4E996-A6C0-421A-B9C4-5382AFC58F4E}.Release|Any CPU.ActiveCfg = Release|Any CPU
		{08B4E996-A6C0-421A-B9C4-5382AFC58F4E}.Release|Any CPU.Build.0 = Release|Any CPU
	EndGlobalSection
	GlobalSection(SolutionProperties) = preSolution
		HideSolutionNode = FALSE
	EndGlobalSection
	GlobalSection(ExtensibilityGlobals) = postSolution
		SolutionGuid = {7E28C565-E0B7-4790-8990-AB01F48D0020}
	EndGlobalSection
EndGlobal
